
Microsoft Visual Studio Solution File, Format Version 12.00
# Visual Studio Version 17
VisualStudioVersion = 17.5.002.0
MinimumVisualStudioVersion = 10.0.40219.1
Project("{9A19103F-16F7-4668-BE54-9A1E7A4F7556}") = "api", "api\api.csproj", "{34294552-7E55-42D7-B02B-3D5CE186EA31}"
EndProject
Global
	GlobalSection(SolutionConfigurationPlatforms) = preSolution
		Debug|Any CPU = Debug|Any CPU
		Release|Any CPU = Release|Any CPU
	EndGlobalSection
	GlobalSection(ProjectConfigurationPlatforms) = postSolution
		{34294552-7E55-42D7-B02B-3D5CE186EA31}.Debug|Any CPU.ActiveCfg = Debug|Any CPU
		{34294552-7E55-42D7-B02B-3D5CE186EA31}.Debug|Any CPU.Build.0 = Debug|Any CPU
		{34294552-7E55-42D7-B02B-3D5CE186EA31}.Release|Any CPU.ActiveCfg = Release|Any CPU
		{34294552-7E55-42D7-B02B-3D5CE186EA31}.Release|Any CPU.Build.0 = Release|Any CPU
	EndGlobalSection
	GlobalSection(SolutionProperties) = preSolution
		HideSolutionNode = FALSE
	EndGlobalSection
	GlobalSection(ExtensibilityGlobals) = postSolution
		SolutionGuid = {5291C5C6-F30E-4ED4-BDB2-AFFD03A79FBB}
	EndGlobalSection
EndGlobal
